
Microsoft Visual Studio Solution File, Format Version 12.00
Project("{FAE04EC0-301F-11D3-BF4B-00C04F79EFBC}") = "InTheEndCsharp", "InTheEndCsharp.csproj", "{69254110-2767-4225-B854-3FB7DC710078}"
EndProject
Project("{FAE04EC0-301F-11D3-BF4B-00C04F79EFBC}") = "AsyncUI", "AsyncUI\AsyncUI.csproj", "{013D853E-EE82-4606-850F-DD5975E0F32B}"
EndProject
Project("{FAE04EC0-301F-11D3-BF4B-00C04F79EFBC}") = "APIApp", "APIApp\APIApp.csproj", "{0B28F207-C97C-4C29-B89D-B046DD615E92}"
EndProject
Project("{FAE04EC0-301F-11D3-BF4B-00C04F79EFBC}") = "APIBackend", "APIBackend\APIBackend.csproj", "{2308CA4F-15E3-4851-9A84-ACC63E49B0FD}"
EndProject
Project("{2150E333-8FDC-42A3-9474-1A3956D46DE8}") = "Tests", "Tests", "{0AB3BF05-4346-4AA6-1389-037BE0695223}"
EndProject
Project("{FAE04EC0-301F-11D3-BF4B-00C04F79EFBC}") = "InTheEndCsharp.Tests", "Tests\InTheEndCsharp.Tests.csproj", "{5BBBB294-A343-4980-9700-0FE862A43C4E}"
EndProject
Global
	GlobalSection(SolutionConfigurationPlatforms) = preSolution
		Debug|Any CPU = Debug|Any CPU
		Debug|x64 = Debug|x64
		Debug|x86 = Debug|x86
		Release|Any CPU = Release|Any CPU
		Release|x64 = Release|x64
		Release|x86 = Release|x86
	EndGlobalSection
	GlobalSection(ProjectConfigurationPlatforms) = postSolution
		{69254110-2767-4225-B854-3FB7DC710078}.Debug|Any CPU.ActiveCfg = Debug|Any CPU
		{69254110-2767-4225-B854-3FB7DC710078}.Debug|Any CPU.Build.0 = Debug|Any CPU
		{69254110-2767-4225-B854-3FB7DC710078}.Debug|x64.ActiveCfg = Debug|Any CPU
		{69254110-2767-4225-B854-3FB7DC710078}.Debug|x64.Build.0 = Debug|Any CPU
		{69254110-2767-4225-B854-3FB7DC710078}.Debug|x86.ActiveCfg = Debug|Any CPU
		{69254110-2767-4225-B854-3FB7DC710078}.Debug|x86.Build.0 = Debug|Any CPU
		{69254110-2767-4225-B854-3FB7DC710078}.Release|Any CPU.ActiveCfg = Release|Any CPU
		{69254110-2767-4225-B854-3FB7DC710078}.Release|Any CPU.Build.0 = Release|Any CPU
		{69254110-2767-4225-B854-3FB7DC710078}.Release|x64.ActiveCfg = Release|Any CPU
		{69254110-2767-4225-B854-3FB7DC710078}.Release|x64.Build.0 = Release|Any CPU
		{69254110-2767-4225-B854-3FB7DC710078}.Release|x86.ActiveCfg = Release|Any CPU
		{69254110-2767-4225-B854-3FB7DC710078}.Release|x86.Build.0 = Release|Any CPU
		{013D853E-EE82-4606-850F-DD5975E0F32B}.Debug|Any CPU.ActiveCfg = Debug|Any CPU
		{013D853E-EE82-4606-850F-DD5975E0F32B}.Debug|Any CPU.Build.0 = Debug|Any CPU
		{013D853E-EE82-4606-850F-DD5975E0F32B}.Debug|x64.ActiveCfg = Debug|Any CPU
		{013D853E-EE82-4606-850F-DD5975E0F32B}.Debug|x64.Build.0 = Debug|Any CPU
		{013D853E-EE82-4606-850F-DD5975E0F32B}.Debug|x86.ActiveCfg = Debug|Any CPU
		{013D853E-EE82-4606-850F-DD5975E0F32B}.Debug|x86.Build.0 = Debug|Any CPU
		{013D853E-EE82-4606-850F-DD5975E0F32B}.Release|Any CPU.ActiveCfg = Release|Any CPU
		{013D853E-EE82-4606-850F-DD5975E0F32B}.Release|Any CPU.Build.0 = Release|Any CPU
		{013D853E-EE82-4606-850F-DD5975E0F32B}.Release|x64.ActiveCfg = Release|Any CPU
		{013D853E-EE82-4606-850F-DD5975E0F32B}.Release|x64.Build.0 = Release|Any CPU
		{013D853E-EE82-4606-850F-DD5975E0F32B}.Release|x86.ActiveCfg = Release|Any CPU
		{013D853E-EE82-4606-850F-DD5975E0F32B}.Release|x86.Build.0 = Release|Any CPU
		{0B28F207-C97C-4C29-B89D-B046DD615E92}.Debug|Any CPU.ActiveCfg = Debug|Any CPU
		{0B28F207-C97C-4C29-B89D-B046DD615E92}.Debug|Any CPU.Build.0 = Debug|Any CPU
		{0B28F207-C97C-4C29-B89D-B046DD615E92}.Debug|x64.ActiveCfg = Debug|Any CPU
		{0B28F207-C97C-4C29-B89D-B046DD615E92}.Debug|x64.Build.0 = Debug|Any CPU
		{0B28F207-C97C-4C29-B89D-B046DD615E92}.Debug|x86.ActiveCfg = Debug|Any CPU
		{0B28F207-C97C-4C29-B89D-B046DD615E92}.Debug|x86.Build.0 = Debug|Any CPU
		{0B28F207-C97C-4C29-B89D-B046DD615E92}.Release|Any CPU.ActiveCfg = Release|Any CPU
		{0B28F207-C97C-4C29-B89D-B046DD615E92}.Release|Any CPU.Build.0 = Release|Any CPU
		{0B28F207-C97C-4C29-B89D-B046DD615E92}.Release|x64.ActiveCfg = Release|Any CPU
		{0B28F207-C97C-4C29-B89D-B046DD615E92}.Release|x64.Build.0 = Release|Any CPU
		{0B28F207-C97C-4C29-B89D-B046DD615E92}.Release|x86.ActiveCfg = Release|Any CPU
		{0B28F207-C97C-4C29-B89D-B046DD615E92}.Release|x86.Build.0 = Release|Any CPU
		{2308CA4F-15E3-4851-9A84-ACC63E49B0FD}.Debug|Any CPU.ActiveCfg = Debug|Any CPU
		{2308CA4F-15E3-4851-9A84-ACC63E49B0FD}.Debug|Any CPU.Build.0 = Debug|Any CPU
		{2308CA4F-15E3-4851-9A84-ACC63E49B0FD}.Debug|x64.ActiveCfg = Debug|Any CPU
		{2308CA4F-15E3-4851-9A84-ACC63E49B0FD}.Debug|x64.Build.0 = Debug|Any CPU
		{2308CA4F-15E3-4851-9A84-ACC63E49B0FD}.Debug|x86.ActiveCfg = Debug|Any CPU
		{2308CA4F-15E3-4851-9A84-ACC63E49B0FD}.Debug|x86.Build.0 = Debug|Any CPU
		{2308CA4F-15E3-4851-9A84-ACC63E49B0FD}.Release|Any CPU.ActiveCfg = Release|Any CPU
		{2308CA4F-15E3-4851-9A84-ACC63E49B0FD}.Release|Any CPU.Build.0 = Release|Any CPU
		{2308CA4F-15E3-4851-9A84-ACC63E49B0FD}.Release|x64.ActiveCfg = Release|Any CPU
		{2308CA4F-15E3-4851-9A84-ACC63E49B0FD}.Release|x64.Build.0 = Release|Any CPU
		{2308CA4F-15E3-4851-9A84-ACC63E49B0FD}.Release|x86.ActiveCfg = Release|Any CPU
		{2308CA4F-15E3-4851-9A84-ACC63E49B0FD}.Release|x86.Build.0 = Release|Any CPU
		{5BBBB294-A343-4980-9700-0FE862A43C4E}.Debug|Any CPU.ActiveCfg = Debug|Any CPU
		{5BBBB294-A343-4980-9700-0FE862A43C4E}.Debug|Any CPU.Build.0 = Debug|Any CPU
		{5BBBB294-A343-4980-9700-0FE862A43C4E}.Debug|x64.ActiveCfg = Debug|Any CPU
		{5BBBB294-A343-4980-9700-0FE862A43C4E}.Debug|x64.Build.0 = Debug|Any CPU
		{5BBBB294-A343-4980-9700-0FE862A43C4E}.Debug|x86.ActiveCfg = Debug|Any CPU
		{5BBBB294-A343-4980-9700-0FE862A43C4E}.Debug|x86.Build.0 = Debug|Any CPU
		{5BBBB294-A343-4980-9700-0FE862A43C4E}.Release|Any CPU.ActiveCfg = Release|Any CPU
		{5BBBB294-A343-4980-9700-0FE862A43C4E}.Release|Any CPU.Build.0 = Release|Any CPU
		{5BBBB294-A343-4980-9700-0FE862A43C4E}.Release|x64.ActiveCfg = Release|Any CPU
		{5BBBB294-A343-4980-9700-0FE862A43C4E}.Release|x64.Build.0 = Release|Any CPU
		{5BBBB294-A343-4980-9700-0FE862A43C4E}.Release|x86.ActiveCfg = Release|Any CPU
		{5BBBB294-A343-4980-9700-0FE862A43C4E}.Release|x86.Build.0 = Release|Any CPU
	EndGlobalSection
	GlobalSection(SolutionProperties) = preSolution
		HideSolutionNode = FALSE
	EndGlobalSection
	GlobalSection(NestedProjects) = preSolution
		{5BBBB294-A343-4980-9700-0FE862A43C4E} = {0AB3BF05-4346-4AA6-1389-037BE0695223}
	EndGlobalSection
EndGlobal
