
Microsoft Visual Studio Solution File, Format Version 12.00
Project("{FAE04EC0-301F-11D3-BF4B-00C04F79EFBC}") = "InTheEndCsharp", "InTheEndCsharp.csproj", "{69254110-2767-4225-B854-3FB7DC710078}"
EndProject
Project("{FAE04EC0-301F-11D3-BF4B-00C04F79EFBC}") = "AsyncUI", "AsyncUI\AsyncUI.csproj", "{013D853E-EE82-4606-850F-DD5975E0F32B}"
EndProject
Global
	GlobalSection(SolutionConfigurationPlatforms) = preSolution
		Debug|Any CPU = Debug|Any CPU
		Release|Any CPU = Release|Any CPU
	EndGlobalSection
	GlobalSection(ProjectConfigurationPlatforms) = postSolution
		{69254110-2767-4225-B854-3FB7DC710078}.Debug|Any CPU.ActiveCfg = Debug|Any CPU
		{69254110-2767-4225-B854-3FB7DC710078}.Debug|Any CPU.Build.0 = Debug|Any CPU
		{69254110-2767-4225-B854-3FB7DC710078}.Release|Any CPU.ActiveCfg = Release|Any CPU
		{69254110-2767-4225-B854-3FB7DC710078}.Release|Any CPU.Build.0 = Release|Any CPU
		{013D853E-EE82-4606-850F-DD5975E0F32B}.Debug|Any CPU.ActiveCfg = Debug|Any CPU
		{013D853E-EE82-4606-850F-DD5975E0F32B}.Debug|Any CPU.Build.0 = Debug|Any CPU
		{013D853E-EE82-4606-850F-DD5975E0F32B}.Release|Any CPU.ActiveCfg = Release|Any CPU
		{013D853E-EE82-4606-850F-DD5975E0F32B}.Release|Any CPU.Build.0 = Release|Any CPU
	EndGlobalSection
EndGlobal
